
Microsoft Visual Studio Solution File, Format Version 12.00
# Visual Studio Version 17
VisualStudioVersion = 17.9.34902.65
MinimumVisualStudioVersion = 10.0.40219.1
Project("{9A19103F-16F7-4668-BE54-9A1E7A4F7556}") = "BankCustomerAPI", "Bank\BankCustomerAPI.csproj", "{EC16C27A-FBC8-46E2-B505-DAA599E8F771}"
EndProject
Global
	GlobalSection(SolutionConfigurationPlatforms) = preSolution
		Debug|Any CPU = Debug|Any CPU
		Release|Any CPU = Release|Any CPU
	EndGlobalSection
	GlobalSection(ProjectConfigurationPlatforms) = postSolution
		{EC16C27A-FBC8-46E2-B505-DAA599E8F771}.Debug|Any CPU.ActiveCfg = Debug|Any CPU
		{EC16C27A-FBC8-46E2-B505-DAA599E8F771}.Debug|Any CPU.Build.0 = Debug|Any CPU
		{EC16C27A-FBC8-46E2-B505-DAA599E8F771}.Release|Any CPU.ActiveCfg = Release|Any CPU
		{EC16C27A-FBC8-46E2-B505-DAA599E8F771}.Release|Any CPU.Build.0 = Release|Any CPU
	EndGlobalSection
	GlobalSection(SolutionProperties) = preSolution
		HideSolutionNode = FALSE
	EndGlobalSection
	GlobalSection(ExtensibilityGlobals) = postSolution
		SolutionGuid = {0C2D29C1-BB50-4C70-AB40-B2A3047329A8}
	EndGlobalSection
EndGlobal
